
Microsoft Visual Studio Solution File, Format Version 12.00
# Visual Studio 15
VisualStudioVersion = 15.0.26730.10
MinimumVisualStudioVersion = 10.0.40219.1
Project("{FAE04EC0-301F-11D3-BF4B-00C04F79EFBC}") = "DAL", "DAL\DAL.csproj", "{56C8D7CF-4FEA-40A4-AFA1-C1AEB764706E}"
EndProject
Project("{FAE04EC0-301F-11D3-BF4B-00C04F79EFBC}") = "BLL", "BLL\BLL.csproj", "{C04481CC-CF92-420C-A2B4-EFC79156CC12}"
EndProject
Global
	GlobalSection(SolutionConfigurationPlatforms) = preSolution
		Debug|Any CPU = Debug|Any CPU
		Release|Any CPU = Release|Any CPU
	EndGlobalSection
	GlobalSection(ProjectConfigurationPlatforms) = postSolution
		{56C8D7CF-4FEA-40A4-AFA1-C1AEB764706E}.Debug|Any CPU.ActiveCfg = Debug|Any CPU
		{56C8D7CF-4FEA-40A4-AFA1-C1AEB764706E}.Debug|Any CPU.Build.0 = Debug|Any CPU
		{56C8D7CF-4FEA-40A4-AFA1-C1AEB764706E}.Release|Any CPU.ActiveCfg = Release|Any CPU
		{56C8D7CF-4FEA-40A4-AFA1-C1AEB764706E}.Release|Any CPU.Build.0 = Release|Any CPU
		{C04481CC-CF92-420C-A2B4-EFC79156CC12}.Debug|Any CPU.ActiveCfg = Debug|Any CPU
		{C04481CC-CF92-420C-A2B4-EFC79156CC12}.Debug|Any CPU.Build.0 = Debug|Any CPU
		{C04481CC-CF92-420C-A2B4-EFC79156CC12}.Release|Any CPU.ActiveCfg = Release|Any CPU
		{C04481CC-CF92-420C-A2B4-EFC79156CC12}.Release|Any CPU.Build.0 = Release|Any CPU
	EndGlobalSection
	GlobalSection(SolutionProperties) = preSolution
		HideSolutionNode = FALSE
	EndGlobalSection
	GlobalSection(ExtensibilityGlobals) = postSolution
		SolutionGuid = {DDD9C692-ABD3-4E77-972F-820B753A99C6}
	EndGlobalSection
EndGlobal
